// !$*UTF8*$!
{
	archiveVersion = 1;
	classes = {
	};
	objectVersion = 77;
	objects = {

/* Begin PBXContainerItemProxy section */
		AE0F94FA2DED7F3200200BF1 /* PBXContainerItemProxy */ = {
			isa = PBXContainerItemProxy;
			containerPortal = AE0F94E42DED7F3100200BF1 /* Project object */;
			proxyType = 1;
			remoteGlobalIDString = AE0F94EB2DED7F3100200BF1;
			remoteInfo = ScreanLight;
		};
		AE0F95042DED7F3200200BF1 /* PBXContainerItemProxy */ = {
			isa = PBXContainerItemProxy;
			containerPortal = AE0F94E42DED7F3100200BF1 /* Project object */;
			proxyType = 1;
			remoteGlobalIDString = AE0F94EB2DED7F3100200BF1;
			remoteInfo = ScreanLight;
		};
/* End PBXContainerItemProxy section */

/* Begin PBXFileReference section */
		AE0F94EC2DED7F3100200BF1 /* ScreanLight.app */ = {isa = PBXFileReference; explicitFileType = wrapper.application; includeInIndex = 0; path = ScreanLight.app; sourceTree = BUILT_PRODUCTS_DIR; };
		AE0F94F92DED7F3200200BF1 /* ScreanLightTests.xctest */ = {isa = PBXFileReference; explicitFileType = wrapper.cfbundle; includeInIndex = 0; path = ScreanLightTests.xctest; sourceTree = BUILT_PRODUCTS_DIR; };
		AE0F95032DED7F3200200BF1 /* ScreanLightUITests.xctest */ = {isa = PBXFileReference; explicitFileType = wrapper.cfbundle; includeInIndex = 0; path = ScreanLightUITests.xctest; sourceTree = BUILT_PRODUCTS_DIR; };
/* End PBXFileReference section */

/* Begin PBXFileSystemSynchronizedRootGroup section */
		AE0F94EE2DED7F3100200BF1 /* ScreanLight */ = {
			isa = PBXFileSystemSynchronizedRootGroup;
			path = ScreanLight;
			sourceTree = "<group>";
		};
		AE0F94FC2DED7F3200200BF1 /* ScreanLightTests */ = {
			isa = PBXFileSystemSynchronizedRootGroup;
			path = ScreanLightTests;
			sourceTree = "<group>";
		};
		AE0F95062DED7F3200200BF1 /* ScreanLightUITests */ = {
			isa = PBXFileSystemSynchronizedRootGroup;
			path = ScreanLightUITests;
			sourceTree = "<group>";
		};
/* End PBXFileSystemSynchronizedRootGroup section */

/* Begin PBXFrameworksBuildPhase section */
		AE0F94E92DED7F3100200BF1 /* Frameworks */ = {
			isa = PBXFrameworksBuildPhase;
			buildActionMask = 2147483647;
			files = (
			);
			runOnlyForDeploymentPostprocessing = 0;
		};
		AE0F94F62DED7F3200200BF1 /* Frameworks */ = {
			isa = PBXFrameworksBuildPhase;
			buildActionMask = 2147483647;
			files = (
			);
			runOnlyForDeploymentPostprocessing = 0;
		};
		AE0F95002DED7F3200200BF1 /* Frameworks */ = {
			isa = PBXFrameworksBuildPhase;
			buildActionMask = 2147483647;
			files = (
			);
			runOnlyForDeploymentPostprocessing = 0;
		};
/* End PBXFrameworksBuildPhase section */

/* Begin PBXGroup section */
		AE0F94E32DED7F3100200BF1 = {
			isa = PBXGroup;
			children = (
				AE0F94EE2DED7F3100200BF1 /* ScreanLight */,
				AE0F94FC2DED7F3200200BF1 /* ScreanLightTests */,
				AE0F95062DED7F3200200BF1 /* ScreanLightUITests */,
				AE0F94ED2DED7F3100200BF1 /* Products */,
			);
			sourceTree = "<group>";
		};
		AE0F94ED2DED7F3100200BF1 /* Products */ = {
			isa = PBXGroup;
			children = (
				AE0F94EC2DED7F3100200BF1 /* ScreanLight.app */,
				AE0F94F92DED7F3200200BF1 /* ScreanLightTests.xctest */,
				AE0F95032DED7F3200200BF1 /* ScreanLightUITests.xctest */,
			);
			name = Products;
			sourceTree = "<group>";
		};
/* End PBXGroup section */

/* Begin PBXNativeTarget section */
		AE0F94EB2DED7F3100200BF1 /* ScreanLight */ = {
			isa = PBXNativeTarget;
			buildConfigurationList = AE0F950D2DED7F3200200BF1 /* Build configuration list for PBXNativeTarget "ScreanLight" */;
			buildPhases = (
				AE0F94E82DED7F3100200BF1 /* Sources */,
				AE0F94E92DED7F3100200BF1 /* Frameworks */,
				AE0F94EA2DED7F3100200BF1 /* Resources */,
			);
			buildRules = (
			);
			dependencies = (
			);
			fileSystemSynchronizedGroups = (
				AE0F94EE2DED7F3100200BF1 /* ScreanLight */,
			);
			name = ScreanLight;
			packageProductDependencies = (
			);
			productName = ScreanLight;
			productReference = AE0F94EC2DED7F3100200BF1 /* ScreanLight.app */;
			productType = "com.apple.product-type.application";
		};
		AE0F94F82DED7F3200200BF1 /* ScreanLightTests */ = {
			isa = PBXNativeTarget;
			buildConfigurationList = AE0F95102DED7F3200200BF1 /* Build configuration list for PBXNativeTarget "ScreanLightTests" */;
			buildPhases = (
				AE0F94F52DED7F3200200BF1 /* Sources */,
				AE0F94F62DED7F3200200BF1 /* Frameworks */,
				AE0F94F72DED7F3200200BF1 /* Resources */,
			);
			buildRules = (
			);
			dependencies = (
				AE0F94FB2DED7F3200200BF1 /* PBXTargetDependency */,
			);
			fileSystemSynchronizedGroups = (
				AE0F94FC2DED7F3200200BF1 /* ScreanLightTests */,
			);
			name = ScreanLightTests;
			packageProductDependencies = (
			);
			productName = ScreanLightTests;
			productReference = AE0F94F92DED7F3200200BF1 /* ScreanLightTests.xctest */;
			productType = "com.apple.product-type.bundle.unit-test";
		};
		AE0F95022DED7F3200200BF1 /* ScreanLightUITests */ = {
			isa = PBXNativeTarget;
			buildConfigurationList = AE0F95132DED7F3200200BF1 /* Build configuration list for PBXNativeTarget "ScreanLightUITests" */;
			buildPhases = (
				AE0F94FF2DED7F3200200BF1 /* Sources */,
				AE0F95002DED7F3200200BF1 /* Frameworks */,
				AE0F95012DED7F3200200BF1 /* Resources */,
			);
			buildRules = (
			);
			dependencies = (
				AE0F95052DED7F3200200BF1 /* PBXTargetDependency */,
			);
			fileSystemSynchronizedGroups = (
				AE0F95062DED7F3200200BF1 /* ScreanLightUITests */,
			);
			name = ScreanLightUITests;
			packageProductDependencies = (
			);
			productName = ScreanLightUITests;
			productReference = AE0F95032DED7F3200200BF1 /* ScreanLightUITests.xctest */;
			productType = "com.apple.product-type.bundle.ui-testing";
		};
/* End PBXNativeTarget section */

/* Begin PBXProject section */
		AE0F94E42DED7F3100200BF1 /* Project object */ = {
			isa = PBXProject;
			attributes = {
				BuildIndependentTargetsInParallel = 1;
				LastSwiftUpdateCheck = 1640;
				LastUpgradeCheck = 1640;
				TargetAttributes = {
					AE0F94EB2DED7F3100200BF1 = {
						CreatedOnToolsVersion = 16.4;
					};
					AE0F94F82DED7F3200200BF1 = {
						CreatedOnToolsVersion = 16.4;
						TestTargetID = AE0F94EB2DED7F3100200BF1;
					};
					AE0F95022DED7F3200200BF1 = {
						CreatedOnToolsVersion = 16.4;
						TestTargetID = AE0F94EB2DED7F3100200BF1;
					};
				};
			};
			buildConfigurationList = AE0F94E72DED7F3100200BF1 /* Build configuration list for PBXProject "ScreanLight" */;
			developmentRegion = en;
			hasScannedForEncodings = 0;
			knownRegions = (
				en,
				Base,
			);
			mainGroup = AE0F94E32DED7F3100200BF1;
			minimizedProjectReferenceProxies = 1;
			preferredProjectObjectVersion = 77;
			productRefGroup = AE0F94ED2DED7F3100200BF1 /* Products */;
			projectDirPath = "";
			projectRoot = "";
			targets = (
				AE0F94EB2DED7F3100200BF1 /* ScreanLight */,
				AE0F94F82DED7F3200200BF1 /* ScreanLightTests */,
				AE0F95022DED7F3200200BF1 /* ScreanLightUITests */,
			);
		};
/* End PBXProject section */

/* Begin PBXResourcesBuildPhase section */
		AE0F94EA2DED7F3100200BF1 /* Resources */ = {
			isa = PBXResourcesBuildPhase;
			buildActionMask = 2147483647;
			files = (
			);
			runOnlyForDeploymentPostprocessing = 0;
		};
		AE0F94F72DED7F3200200BF1 /* Resources */ = {
			isa = PBXResourcesBuildPhase;
			buildActionMask = 2147483647;
			files = (
			);
			runOnlyForDeploymentPostprocessing = 0;
		};
		AE0F95012DED7F3200200BF1 /* Resources */ = {
			isa = PBXResourcesBuildPhase;
			buildActionMask = 2147483647;
			files = (
			);
			runOnlyForDeploymentPostprocessing = 0;
		};
/* End PBXResourcesBuildPhase section */

/* Begin PBXSourcesBuildPhase section */
		AE0F94E82DED7F3100200BF1 /* Sources */ = {
			isa = PBXSourcesBuildPhase;
			buildActionMask = 2147483647;
			files = (
			);
			runOnlyForDeploymentPostprocessing = 0;
		};
		AE0F94F52DED7F3200200BF1 /* Sources */ = {
			isa = PBXSourcesBuildPhase;
			buildActionMask = 2147483647;
			files = (
			);
			runOnlyForDeploymentPostprocessing = 0;
		};
		AE0F94FF2DED7F3200200BF1 /* Sources */ = {
			isa = PBXSourcesBuildPhase;
			buildActionMask = 2147483647;
			files = (
			);
			runOnlyForDeploymentPostprocessing = 0;
		};
/* End PBXSourcesBuildPhase section */

/* Begin PBXTargetDependency section */
		AE0F94FB2DED7F3200200BF1 /* PBXTargetDependency */ = {
			isa = PBXTargetDependency;
			target = AE0F94EB2DED7F3100200BF1 /* ScreanLight */;
			targetProxy = AE0F94FA2DED7F3200200BF1 /* PBXContainerItemProxy */;
		};
		AE0F95052DED7F3200200BF1 /* PBXTargetDependency */ = {
			isa = PBXTargetDependency;
			target = AE0F94EB2DED7F3100200BF1 /* ScreanLight */;
			targetProxy = AE0F95042DED7F3200200BF1 /* PBXContainerItemProxy */;
		};
/* End PBXTargetDependency section */

/* Begin XCBuildConfiguration section */
		AE0F950B2DED7F3200200BF1 /* Debug */ = {
			isa = XCBuildConfiguration;
			buildSettings = {
				ALWAYS_SEARCH_USER_PATHS = NO;
				ASSETCATALOG_COMPILER_GENERATE_SWIFT_ASSET_SYMBOL_EXTENSIONS = YES;
				CLANG_ANALYZER_NONNULL = YES;
				CLANG_ANALYZER_NUMBER_OBJECT_CONVERSION = YES_AGGRESSIVE;
				CLANG_CXX_LANGUAGE_STANDARD = "gnu++20";
				CLANG_ENABLE_MODULES = YES;
				CLANG_ENABLE_OBJC_ARC = YES;
				CLANG_ENABLE_OBJC_WEAK = YES;
				CLANG_WARN_BLOCK_CAPTURE_AUTORELEASING = YES;
				CLANG_WARN_BOOL_CONVERSION = YES;
				CLANG_WARN_COMMA = YES;
				CLANG_WARN_CONSTANT_CONVERSION = YES;
				CLANG_WARN_DEPRECATED_OBJC_IMPLEMENTATIONS = YES;
				CLANG_WARN_DIRECT_OBJC_ISA_USAGE = YES_ERROR;
				CLANG_WARN_DOCUMENTATION_COMMENTS = YES;
				CLANG_WARN_EMPTY_BODY = YES;
				CLANG_WARN_ENUM_CONVERSION = YES;
				CLANG_WARN_INFINITE_RECURSION = YES;
				CLANG_WARN_INT_CONVERSION = YES;
				CLANG_WARN_NON_LITERAL_NULL_CONVERSION = YES;
				CLANG_WARN_OBJC_IMPLICIT_RETAIN_SELF = YES;
				CLANG_WARN_OBJC_LITERAL_CONVERSION = YES;
				CLANG_WARN_OBJC_ROOT_CLASS = YES_ERROR;
				CLANG_WARN_QUOTED_INCLUDE_IN_FRAMEWORK_HEADER = YES;
				CLANG_WARN_RANGE_LOOP_ANALYSIS = YES;
				CLANG_WARN_STRICT_PROTOTYPES = YES;
				CLANG_WARN_SUSPICIOUS_MOVE = YES;
				CLANG_WARN_UNGUARDED_AVAILABILITY = YES_AGGRESSIVE;
				CLANG_WARN_UNREACHABLE_CODE = YES;
				CLANG_WARN__DUPLICATE_METHOD_MATCH = YES;
				COPY_PHASE_STRIP = NO;
				DEBUG_INFORMATION_FORMAT = dwarf;
				DEVELOPMENT_TEAM = 3LSP26D33P;
				ENABLE_STRICT_OBJC_MSGSEND = YES;
				ENABLE_TESTABILITY = YES;
				ENABLE_USER_SCRIPT_SANDBOXING = YES;
				GCC_C_LANGUAGE_STANDARD = gnu17;
				GCC_DYNAMIC_NO_PIC = NO;
				GCC_NO_COMMON_BLOCKS = YES;
				GCC_OPTIMIZATION_LEVEL = 0;
				GCC_PREPROCESSOR_DEFINITIONS = (
					"DEBUG=1",
					"$(inherited)",
				);
				GCC_WARN_64_TO_32_BIT_CONVERSION = YES;
				GCC_WARN_ABOUT_RETURN_TYPE = YES_ERROR;
				GCC_WARN_UNDECLARED_SELECTOR = YES;
				GCC_WARN_UNINITIALIZED_AUTOS = YES_AGGRESSIVE;
				GCC_WARN_UNUSED_FUNCTION = YES;
				GCC_WARN_UNUSED_VARIABLE = YES;
				IPHONEOS_DEPLOYMENT_TARGET = 18.5;
				LOCALIZATION_PREFERS_STRING_CATALOGS = YES;
				MTL_ENABLE_DEBUG_INFO = INCLUDE_SOURCE;
				MTL_FAST_MATH = YES;
				ONLY_ACTIVE_ARCH = YES;
				SDKROOT = iphoneos;
				SWIFT_ACTIVE_COMPILATION_CONDITIONS = "DEBUG $(inherited)";
				SWIFT_OPTIMIZATION_LEVEL = "-Onone";
			};
			name = Debug;
		};
		AE0F950C2DED7F3200200BF1 /* Release */ = {
			isa = XCBuildConfiguration;
			buildSettings = {
				ALWAYS_SEARCH_USER_PATHS = NO;
				ASSETCATALOG_COMPILER_GENERATE_SWIFT_ASSET_SYMBOL_EXTENSIONS = YES;
				CLANG_ANALYZER_NONNULL = YES;
				CLANG_ANALYZER_NUMBER_OBJECT_CONVERSION = YES_AGGRESSIVE;
				CLANG_CXX_LANGUAGE_STANDARD = "gnu++20";
				CLANG_ENABLE_MODULES = YES;
				CLANG_ENABLE_OBJC_ARC = YES;
				CLANG_ENABLE_OBJC_WEAK = YES;
				CLANG_WARN_BLOCK_CAPTURE_AUTORELEASING = YES;
				CLANG_WARN_BOOL_CONVERSION = YES;
				CLANG_WARN_COMMA = YES;
				CLANG_WARN_CONSTANT_CONVERSION = YES;
				CLANG_WARN_DEPRECATED_OBJC_IMPLEMENTATIONS = YES;
				CLANG_WARN_DIRECT_OBJC_ISA_USAGE = YES_ERROR;
				CLANG_WARN_DOCUMENTATION_COMMENTS = YES;
				CLANG_WARN_EMPTY_BODY = YES;
				CLANG_WARN_ENUM_CONVERSION = YES;
				CLANG_WARN_INFINITE_RECURSION = YES;
				CLANG_WARN_INT_CONVERSION = YES;
				CLANG_WARN_NON_LITERAL_NULL_CONVERSION = YES;
				CLANG_WARN_OBJC_IMPLICIT_RETAIN_SELF = YES;
				CLANG_WARN_OBJC_LITERAL_CONVERSION = YES;
				CLANG_WARN_OBJC_ROOT_CLASS = YES_ERROR;
				CLANG_WARN_QUOTED_INCLUDE_IN_FRAMEWORK_HEADER = YES;
				CLANG_WARN_RANGE_LOOP_ANALYSIS = YES;
				CLANG_WARN_STRICT_PROTOTYPES = YES;
				CLANG_WARN_SUSPICIOUS_MOVE = YES;
				CLANG_WARN_UNGUARDED_AVAILABILITY = YES_AGGRESSIVE;
				CLANG_WARN_UNREACHABLE_CODE = YES;
				CLANG_WARN__DUPLICATE_METHOD_MATCH = YES;
				COPY_PHASE_STRIP = NO;
				DEBUG_INFORMATION_FORMAT = "dwarf-with-dsym";
				DEVELOPMENT_TEAM = 3LSP26D33P;
				ENABLE_NS_ASSERTIONS = NO;
				ENABLE_STRICT_OBJC_MSGSEND = YES;
				ENABLE_USER_SCRIPT_SANDBOXING = YES;
				GCC_C_LANGUAGE_STANDARD = gnu17;
				GCC_NO_COMMON_BLOCKS = YES;
				GCC_WARN_64_TO_32_BIT_CONVERSION = YES;
				GCC_WARN_ABOUT_RETURN_TYPE = YES_ERROR;
				GCC_WARN_UNDECLARED_SELECTOR = YES;
				GCC_WARN_UNINITIALIZED_AUTOS = YES_AGGRESSIVE;
				GCC_WARN_UNUSED_FUNCTION = YES;
				GCC_WARN_UNUSED_VARIABLE = YES;
				IPHONEOS_DEPLOYMENT_TARGET = 18.5;
				LOCALIZATION_PREFERS_STRING_CATALOGS = YES;
				MTL_ENABLE_DEBUG_INFO = NO;
				MTL_FAST_MATH = YES;
				SDKROOT = iphoneos;
				SWIFT_COMPILATION_MODE = wholemodule;
				VALIDATE_PRODUCT = YES;
			};
			name = Release;
		};
		AE0F950E2DED7F3200200BF1 /* Debug */ = {
			isa = XCBuildConfiguration;
			buildSettings = {
				ASSETCATALOG_COMPILER_APPICON_NAME = AppIcon;
				ASSETCATALOG_COMPILER_GLOBAL_ACCENT_COLOR_NAME = AccentColor;
				CODE_SIGN_STYLE = Automatic;
				CURRENT_PROJECT_VERSION = 1;
				DEVELOPMENT_TEAM = 3LSP26D33P;
				ENABLE_PREVIEWS = YES;
				GENERATE_INFOPLIST_FILE = YES;
				INFOPLIST_KEY_UIApplicationSceneManifest_Generation = YES;
				INFOPLIST_KEY_UIApplicationSupportsIndirectInputEvents = YES;
				INFOPLIST_KEY_UILaunchScreen_Generation = YES;
				INFOPLIST_KEY_UISupportedInterfaceOrientations_iPad = "UIInterfaceOrientationPortrait UIInterfaceOrientationPortraitUpsideDown UIInterfaceOrientationLandscapeLeft UIInterfaceOrientationLandscapeRight";
				INFOPLIST_KEY_UISupportedInterfaceOrientations_iPhone = "UIInterfaceOrientationPortrait UIInterfaceOrientationLandscapeLeft UIInterfaceOrientationLandscapeRight";
				LD_RUNPATH_SEARCH_PATHS = (
					"$(inherited)",
					"@executable_path/Frameworks",
				);
				MARKETING_VERSION = 1.0;
				PRODUCT_BUNDLE_IDENTIFIER = com.xiaolongxu.ScreanLight;
				PRODUCT_NAME = "$(TARGET_NAME)";
				SWIFT_EMIT_LOC_STRINGS = YES;
				SWIFT_VERSION = 5.0;
				TARGETED_DEVICE_FAMILY = "1,2";
			};
			name = Debug;
		};
		AE0F950F2DED7F3200200BF1 /* Release */ = {
			isa = XCBuildConfiguration;
			buildSettings = {
				ASSETCATALOG_COMPILER_APPICON_NAME = AppIcon;
				ASSETCATALOG_COMPILER_GLOBAL_ACCENT_COLOR_NAME = AccentColor;
				CODE_SIGN_STYLE = Automatic;
				CURRENT_PROJECT_VERSION = 1;
				DEVELOPMENT_TEAM = 3LSP26D33P;
				ENABLE_PREVIEWS = YES;
				GENERATE_INFOPLIST_FILE = YES;
				INFOPLIST_KEY_UIApplicationSceneManifest_Generation = YES;
				INFOPLIST_KEY_UIApplicationSupportsIndirectInputEvents = YES;
				INFOPLIST_KEY_UILaunchScreen_Generation = YES;
				INFOPLIST_KEY_UISupportedInterfaceOrientations_iPad = "UIInterfaceOrientationPortrait UIInterfaceOrientationPortraitUpsideDown UIInterfaceOrientationLandscapeLeft UIInterfaceOrientationLandscapeRight";
				INFOPLIST_KEY_UISupportedInterfaceOrientations_iPhone = "UIInterfaceOrientationPortrait UIInterfaceOrientationLandscapeLeft UIInterfaceOrientationLandscapeRight";
				LD_RUNPATH_SEARCH_PATHS = (
					"$(inherited)",
					"@executable_path/Frameworks",
				);
				MARKETING_VERSION = 1.0;
				PRODUCT_BUNDLE_IDENTIFIER = com.xiaolongxu.ScreanLight;
				PRODUCT_NAME = "$(TARGET_NAME)";
				SWIFT_EMIT_LOC_STRINGS = YES;
				SWIFT_VERSION = 5.0;
				TARGETED_DEVICE_FAMILY = "1,2";
			};
			name = Release;
		};
		AE0F95112DED7F3200200BF1 /* Debug */ = {
			isa = XCBuildConfiguration;
			buildSettings = {
				BUNDLE_LOADER = "$(TEST_HOST)";
				CODE_SIGN_STYLE = Automatic;
				CURRENT_PROJECT_VERSION = 1;
				DEVELOPMENT_TEAM = 3LSP26D33P;
				GENERATE_INFOPLIST_FILE = YES;
				IPHONEOS_DEPLOYMENT_TARGET = 18.5;
				MARKETING_VERSION = 1.0;
				PRODUCT_BUNDLE_IDENTIFIER = com.xiaolongxu.ScreanLightTests;
				PRODUCT_NAME = "$(TARGET_NAME)";
				SWIFT_EMIT_LOC_STRINGS = NO;
				SWIFT_VERSION = 5.0;
				TARGETED_DEVICE_FAMILY = "1,2";
				TEST_HOST = "$(BUILT_PRODUCTS_DIR)/ScreanLight.app/$(BUNDLE_EXECUTABLE_FOLDER_PATH)/ScreanLight";
			};
			name = Debug;
		};
		AE0F95122DED7F3200200BF1 /* Release */ = {
			isa = XCBuildConfiguration;
			buildSettings = {
				BUNDLE_LOADER = "$(TEST_HOST)";
				CODE_SIGN_STYLE = Automatic;
				CURRENT_PROJECT_VERSION = 1;
				DEVELOPMENT_TEAM = 3LSP26D33P;
				GENERATE_INFOPLIST_FILE = YES;
				IPHONEOS_DEPLOYMENT_TARGET = 18.5;
				MARKETING_VERSION = 1.0;
				PRODUCT_BUNDLE_IDENTIFIER = com.xiaolongxu.ScreanLightTests;
				PRODUCT_NAME = "$(TARGET_NAME)";
				SWIFT_EMIT_LOC_STRINGS = NO;
				SWIFT_VERSION = 5.0;
				TARGETED_DEVICE_FAMILY = "1,2";
				TEST_HOST = "$(BUILT_PRODUCTS_DIR)/ScreanLight.app/$(BUNDLE_EXECUTABLE_FOLDER_PATH)/ScreanLight";
			};
			name = Release;
		};
		AE0F95142DED7F3200200BF1 /* Debug */ = {
			isa = XCBuildConfiguration;
			buildSettings = {
				CODE_SIGN_STYLE = Automatic;
				CURRENT_PROJECT_VERSION = 1;
				DEVELOPMENT_TEAM = 3LSP26D33P;
				GENERATE_INFOPLIST_FILE = YES;
				MARKETING_VERSION = 1.0;
				PRODUCT_BUNDLE_IDENTIFIER = com.xiaolongxu.ScreanLightUITests;
				PRODUCT_NAME = "$(TARGET_NAME)";
				SWIFT_EMIT_LOC_STRINGS = NO;
				SWIFT_VERSION = 5.0;
				TARGETED_DEVICE_FAMILY = "1,2";
				TEST_TARGET_NAME = ScreanLight;
			};
			name = Debug;
		};
		AE0F95152DED7F3200200BF1 /* Release */ = {
			isa = XCBuildConfiguration;
			buildSettings = {
				CODE_SIGN_STYLE = Automatic;
				CURRENT_PROJECT_VERSION = 1;
				DEVELOPMENT_TEAM = 3LSP26D33P;
				GENERATE_INFOPLIST_FILE = YES;
				MARKETING_VERSION = 1.0;
				PRODUCT_BUNDLE_IDENTIFIER = com.xiaolongxu.ScreanLightUITests;
				PRODUCT_NAME = "$(TARGET_NAME)";
				SWIFT_EMIT_LOC_STRINGS = NO;
				SWIFT_VERSION = 5.0;
				TARGETED_DEVICE_FAMILY = "1,2";
				TEST_TARGET_NAME = ScreanLight;
			};
			name = Release;
		};
/* End XCBuildConfiguration section */

/* Begin XCConfigurationList section */
		AE0F94E72DED7F3100200BF1 /* Build configuration list for PBXProject "ScreanLight" */ = {
			isa = XCConfigurationList;
			buildConfigurations = (
				AE0F950B2DED7F3200200BF1 /* Debug */,
				AE0F950C2DED7F3200200BF1 /* Release */,
			);
			defaultConfigurationIsVisible = 0;
			defaultConfigurationName = Release;
		};
		AE0F950D2DED7F3200200BF1 /* Build configuration list for PBXNativeTarget "ScreanLight" */ = {
			isa = XCConfigurationList;
			buildConfigurations = (
				AE0F950E2DED7F3200200BF1 /* Debug */,
				AE0F950F2DED7F3200200BF1 /* Release */,
			);
			defaultConfigurationIsVisible = 0;
			defaultConfigurationName = Release;
		};
		AE0F95102DED7F3200200BF1 /* Build configuration list for PBXNativeTarget "ScreanLightTests" */ = {
			isa = XCConfigurationList;
			buildConfigurations = (
				AE0F95112DED7F3200200BF1 /* Debug */,
				AE0F95122DED7F3200200BF1 /* Release */,
			);
			defaultConfigurationIsVisible = 0;
			defaultConfigurationName = Release;
		};
		AE0F95132DED7F3200200BF1 /* Build configuration list for PBXNativeTarget "ScreanLightUITests" */ = {
			isa = XCConfigurationList;
			buildConfigurations = (
				AE0F95142DED7F3200200BF1 /* Debug */,
				AE0F95152DED7F3200200BF1 /* Release */,
			);
			defaultConfigurationIsVisible = 0;
			defaultConfigurationName = Release;
		};
/* End XCConfigurationList section */
	};
	rootObject = AE0F94E42DED7F3100200BF1 /* Project object */;
}
